
Microsoft Visual Studio Solution File, Format Version 12.00
# Visual Studio Version 16
VisualStudioVersion = 16.0.30804.86
MinimumVisualStudioVersion = 10.0.40219.1
Project("{FAE04EC0-301F-11D3-BF4B-00C04F79EFBC}") = "Dresden", "Dresden\Dresden.csproj", "{C3523E70-BC00-40C8-B613-394B9C5EA948}"
EndProject
Global
	GlobalSection(SolutionConfigurationPlatforms) = preSolution
		Debug|Any CPU = Debug|Any CPU
		Release|Any CPU = Release|Any CPU
	EndGlobalSection
	GlobalSection(ProjectConfigurationPlatforms) = postSolution
		{C3523E70-BC00-40C8-B613-394B9C5EA948}.Debug|Any CPU.ActiveCfg = Debug|Any CPU
		{C3523E70-BC00-40C8-B613-394B9C5EA948}.Debug|Any CPU.Build.0 = Debug|Any CPU
		{C3523E70-BC00-40C8-B613-394B9C5EA948}.Release|Any CPU.ActiveCfg = Release|Any CPU
		{C3523E70-BC00-40C8-B613-394B9C5EA948}.Release|Any CPU.Build.0 = Release|Any CPU
	EndGlobalSection
	GlobalSection(SolutionProperties) = preSolution
		HideSolutionNode = FALSE
	EndGlobalSection
	GlobalSection(ExtensibilityGlobals) = postSolution
		SolutionGuid = {862283AF-4CED-41E7-BAFF-F94C99A2E8F1}
	EndGlobalSection
EndGlobal
